
Microsoft Visual Studio Solution File, Format Version 12.00
# Visual Studio 15
VisualStudioVersion = 15.0.27428.2002
MinimumVisualStudioVersion = 10.0.40219.1
Project("{FAE04EC0-301F-11D3-BF4B-00C04F79EFBC}") = "Enongzi.MeetingReport", "Enongzi.MeetingReport\Enongzi.MeetingReport.csproj", "{A4860E16-4CBC-46C2-8553-CD2E2282B6E1}"
EndProject
Global
	GlobalSection(SolutionConfigurationPlatforms) = preSolution
		Debug|Any CPU = Debug|Any CPU
		Release|Any CPU = Release|Any CPU
	EndGlobalSection
	GlobalSection(ProjectConfigurationPlatforms) = postSolution
		{A4860E16-4CBC-46C2-8553-CD2E2282B6E1}.Debug|Any CPU.ActiveCfg = Debug|Any CPU
		{A4860E16-4CBC-46C2-8553-CD2E2282B6E1}.Debug|Any CPU.Build.0 = Debug|Any CPU
		{A4860E16-4CBC-46C2-8553-CD2E2282B6E1}.Release|Any CPU.ActiveCfg = Release|Any CPU
		{A4860E16-4CBC-46C2-8553-CD2E2282B6E1}.Release|Any CPU.Build.0 = Release|Any CPU
	EndGlobalSection
	GlobalSection(SolutionProperties) = preSolution
		HideSolutionNode = FALSE
	EndGlobalSection
	GlobalSection(ExtensibilityGlobals) = postSolution
		SolutionGuid = {0137ECAC-12C2-4CE4-B4BF-E004B8EDE938}
	EndGlobalSection
EndGlobal
